Microsoft Visual Studio Solution File, Format Version 12.00
# Visual Studio Version 17
VisualStudioVersion = 17.5.2.0
MinimumVisualStudioVersion = 10.0.40219.1
Project("{FAE04EC0-301F-11D3-BF4B-00C04F79EFBC}") = "UtmMarket", "UtmMarket.csproj", "{12BB5A6C-A6D2-4AF4-99F2-21CDA133567F}"
EndProject
Global
	GlobalSection(SolutionConfigurationPlatforms) = preSolution
		Debug|Any CPU = Debug|Any CPU
		Release|Any CPU = Release|Any CPU
	EndGlobalSection
	GlobalSection(ProjectConfigurationPlatforms) = postSolution
		{12BB5A6C-A6D2-4AF4-99F2-21CDA133567F}.Debug|Any CPU.ActiveCfg = Debug|Any CPU
		{12BB5A6C-A6D2-4AF4-99F2-21CDA133567F}.Debug|Any CPU.Build.0 = Debug|Any CPU
		{12BB5A6C-A6D2-4AF4-99F2-21CDA133567F}.Release|Any CPU.ActiveCfg = Release|Any CPU
		{12BB5A6C-A6D2-4AF4-99F2-21CDA133567F}.Release|Any CPU.Build.0 = Release|Any CPU
	EndGlobalSection
	GlobalSection(SolutionProperties) = preSolution
		HideSolutionNode = FALSE
	EndGlobalSection
	GlobalSection(ExtensibilityGlobals) = postSolution
		SolutionGuid = {B17F57DD-96E5-44A0-92A0-BF7CA7523BD6}
	EndGlobalSection
EndGlobal
